
Microsoft Visual Studio Solution File, Format Version 12.00
# Visual Studio Version 17
VisualStudioVersion = 17.11.35303.130
MinimumVisualStudioVersion = 10.0.40219.1
Project("{FAE04EC0-301F-11D3-BF4B-00C04F79EFBC}") = "CreateFieldsTemplate", "CreateFieldsTemplate.csproj", "{081E1673-C855-44AD-AED0-1278F2C12570}"
EndProject
Global
	GlobalSection(SolutionConfigurationPlatforms) = preSolution
		Debug|Any CPU = Debug|Any CPU
		Release|Any CPU = Release|Any CPU
	EndGlobalSection
	GlobalSection(ProjectConfigurationPlatforms) = postSolution
		{081E1673-C855-44AD-AED0-1278F2C12570}.Debug|Any CPU.ActiveCfg = Debug|Any CPU
		{081E1673-C855-44AD-AED0-1278F2C12570}.Debug|Any CPU.Build.0 = Debug|Any CPU
		{081E1673-C855-44AD-AED0-1278F2C12570}.Release|Any CPU.ActiveCfg = Release|Any CPU
		{081E1673-C855-44AD-AED0-1278F2C12570}.Release|Any CPU.Build.0 = Release|Any CPU
	EndGlobalSection
	GlobalSection(SolutionProperties) = preSolution
		HideSolutionNode = FALSE
	EndGlobalSection
	GlobalSection(ExtensibilityGlobals) = postSolution
		SolutionGuid = {5A569AF5-C975-400E-9FAB-BD399EF1346D}
	EndGlobalSection
EndGlobal
