
Microsoft Visual Studio Solution File, Format Version 12.00
# Visual Studio Version 17
VisualStudioVersion = 17.11.35303.130
MinimumVisualStudioVersion = 10.0.40219.1
Project("{FAE04EC0-301F-11D3-BF4B-00C04F79EFBC}") = "LimparCampoDevParcelasInadimplentes", "LimparCampoDevParcelasInadimplentes.csproj", "{9A5AEBDC-615A-4B44-80FC-F4E475B90EA8}"
EndProject
Global
	GlobalSection(SolutionConfigurationPlatforms) = preSolution
		Debug|Any CPU = Debug|Any CPU
		Release|Any CPU = Release|Any CPU
	EndGlobalSection
	GlobalSection(ProjectConfigurationPlatforms) = postSolution
		{9A5AEBDC-615A-4B44-80FC-F4E475B90EA8}.Debug|Any CPU.ActiveCfg = Debug|Any CPU
		{9A5AEBDC-615A-4B44-80FC-F4E475B90EA8}.Debug|Any CPU.Build.0 = Debug|Any CPU
		{9A5AEBDC-615A-4B44-80FC-F4E475B90EA8}.Release|Any CPU.ActiveCfg = Release|Any CPU
		{9A5AEBDC-615A-4B44-80FC-F4E475B90EA8}.Release|Any CPU.Build.0 = Release|Any CPU
	EndGlobalSection
	GlobalSection(SolutionProperties) = preSolution
		HideSolutionNode = FALSE
	EndGlobalSection
	GlobalSection(ExtensibilityGlobals) = postSolution
		SolutionGuid = {DAAECB93-B93B-4C30-BD3B-B76C981F915A}
	EndGlobalSection
EndGlobal
